
Microsoft Visual Studio Solution File, Format Version 12.00
# Visual Studio Version 17
VisualStudioVersion = 17.11.35222.181
MinimumVisualStudioVersion = 10.0.40219.1
Project("{FAE04EC0-301F-11D3-BF4B-00C04F79EFBC}") = "Codewars", "Codewars\Codewars.csproj", "{B2F2A953-02B0-43AD-901B-0C6BD70A606C}"
EndProject
Project("{FAE04EC0-301F-11D3-BF4B-00C04F79EFBC}") = "CodewarsTests", "CodewarsTests\CodewarsTests.csproj", "{E706BBA3-6AEB-4C30-8594-6B0E5DF916CD}"
EndProject
Global
	GlobalSection(SolutionConfigurationPlatforms) = preSolution
		Debug|Any CPU = Debug|Any CPU
		Release|Any CPU = Release|Any CPU
	EndGlobalSection
	GlobalSection(ProjectConfigurationPlatforms) = postSolution
		{B2F2A953-02B0-43AD-901B-0C6BD70A606C}.Debug|Any CPU.ActiveCfg = Debug|Any CPU
		{B2F2A953-02B0-43AD-901B-0C6BD70A606C}.Debug|Any CPU.Build.0 = Debug|Any CPU
		{B2F2A953-02B0-43AD-901B-0C6BD70A606C}.Release|Any CPU.ActiveCfg = Release|Any CPU
		{B2F2A953-02B0-43AD-901B-0C6BD70A606C}.Release|Any CPU.Build.0 = Release|Any CPU
		{E706BBA3-6AEB-4C30-8594-6B0E5DF916CD}.Debug|Any CPU.ActiveCfg = Debug|Any CPU
		{E706BBA3-6AEB-4C30-8594-6B0E5DF916CD}.Debug|Any CPU.Build.0 = Debug|Any CPU
		{E706BBA3-6AEB-4C30-8594-6B0E5DF916CD}.Release|Any CPU.ActiveCfg = Release|Any CPU
		{E706BBA3-6AEB-4C30-8594-6B0E5DF916CD}.Release|Any CPU.Build.0 = Release|Any CPU
	EndGlobalSection
	GlobalSection(SolutionProperties) = preSolution
		HideSolutionNode = FALSE
	EndGlobalSection
	GlobalSection(ExtensibilityGlobals) = postSolution
		SolutionGuid = {2A1D240E-1C7A-42AC-975F-7B0D42CAE6EF}
	EndGlobalSection
EndGlobal
